
Microsoft Visual Studio Solution File, Format Version 12.00
# Visual Studio Version 16
VisualStudioVersion = 16.0.29728.190
MinimumVisualStudioVersion = 10.0.40219.1
Project("{FAE04EC0-301F-11D3-BF4B-00C04F79EFBC}") = "First Entity", "First Entity\First Entity.csproj", "{01DEA1D3-874F-4FDA-B38B-3DAEBD12D653}"
EndProject
Global
	GlobalSection(SolutionConfigurationPlatforms) = preSolution
		Debug|Any CPU = Debug|Any CPU
		Release|Any CPU = Release|Any CPU
	EndGlobalSection
	GlobalSection(ProjectConfigurationPlatforms) = postSolution
		{01DEA1D3-874F-4FDA-B38B-3DAEBD12D653}.Debug|Any CPU.ActiveCfg = Debug|Any CPU
		{01DEA1D3-874F-4FDA-B38B-3DAEBD12D653}.Debug|Any CPU.Build.0 = Debug|Any CPU
		{01DEA1D3-874F-4FDA-B38B-3DAEBD12D653}.Release|Any CPU.ActiveCfg = Release|Any CPU
		{01DEA1D3-874F-4FDA-B38B-3DAEBD12D653}.Release|Any CPU.Build.0 = Release|Any CPU
	EndGlobalSection
	GlobalSection(SolutionProperties) = preSolution
		HideSolutionNode = FALSE
	EndGlobalSection
	GlobalSection(ExtensibilityGlobals) = postSolution
		SolutionGuid = {8A95996A-2F57-4763-8461-78178445AC10}
	EndGlobalSection
EndGlobal
